// !$*UTF8*$!
{
	archiveVersion = 1;
	classes = {
	};
	objectVersion = 77;
	objects = {

/* Begin PBXBuildFile section */
		2712B82D2D49CF4200895FE1 /* Airports.json in Resources */ = {isa = PBXBuildFile; fileRef = 2712B82C2D49CF4200895FE1 /* Airports.json */; };
		2712B82F2D49E02900895FE1 /* ATC_content_v1.json in Resources */ = {isa = PBXBuildFile; fileRef = 2712B82E2D49E02900895FE1 /* ATC_content_v1.json */; };
		2712B8612D49E9AD00895FE1 /* ATC_content_v1.json in Resources */ = {isa = PBXBuildFile; fileRef = 2712B8602D49E9AD00895FE1 /* ATC_content_v1.json */; };
/* End PBXBuildFile section */

/* Begin PBXContainerItemProxy section */
		2712B80D2D49CCA900895FE1 /* PBXContainerItemProxy */ = {
			isa = PBXContainerItemProxy;
			containerPortal = 2712B7F42D49CCA300895FE1 /* Project object */;
			proxyType = 1;
			remoteGlobalIDString = 2712B7FB2D49CCA300895FE1;
			remoteInfo = "ATC-new";
		};
		2712B8172D49CCA900895FE1 /* PBXContainerItemProxy */ = {
			isa = PBXContainerItemProxy;
			containerPortal = 2712B7F42D49CCA300895FE1 /* Project object */;
			proxyType = 1;
			remoteGlobalIDString = 2712B7FB2D49CCA300895FE1;
			remoteInfo = "ATC-new";
		};
/* End PBXContainerItemProxy section */

/* Begin PBXFileReference section */
		2712B7FC2D49CCA300895FE1 /* ATC-new.app */ = {isa = PBXFileReference; explicitFileType = wrapper.application; includeInIndex = 0; path = "ATC-new.app"; sourceTree = BUILT_PRODUCTS_DIR; };
		2712B80C2D49CCA900895FE1 /* ATC-newTests.xctest */ = {isa = PBXFileReference; explicitFileType = wrapper.cfbundle; includeInIndex = 0; path = "ATC-newTests.xctest"; sourceTree = BUILT_PRODUCTS_DIR; };
		2712B8162D49CCA900895FE1 /* ATC-newUITests.xctest */ = {isa = PBXFileReference; explicitFileType = wrapper.cfbundle; includeInIndex = 0; path = "ATC-newUITests.xctest"; sourceTree = BUILT_PRODUCTS_DIR; };
		2712B82C2D49CF4200895FE1 /* Airports.json */ = {isa = PBXFileReference; lastKnownFileType = text.json; path = Airports.json; sourceTree = "<group>"; };
		2712B82E2D49E02900895FE1 /* ATC_content_v1.json */ = {isa = PBXFileReference; lastKnownFileType = text.json; path = ATC_content_v1.json; sourceTree = "<group>"; };
		2712B8602D49E9AD00895FE1 /* ATC_content_v1.json */ = {isa = PBXFileReference; lastKnownFileType = text.json; path = ATC_content_v1.json; sourceTree = "<group>"; };
/* End PBXFileReference section */

/* Begin PBXFileSystemSynchronizedBuildFileExceptionSet section */
		2712B83F2D49E85D00895FE1 /* Exceptions for "ATC-newTests" folder in "ATC-new" target */ = {
			isa = PBXFileSystemSynchronizedBuildFileExceptionSet;
			membershipExceptions = (
				Assets.xcassets,
			);
			target = 2712B7FB2D49CCA300895FE1 /* ATC-new */;
		};
		2712B8402D49E85D00895FE1 /* Exceptions for "ATC-newTests" folder in "ATC-newTests" target */ = {
			isa = PBXFileSystemSynchronizedBuildFileExceptionSet;
			membershipExceptions = (
				Assets.xcassets,
			);
			target = 2712B80B2D49CCA900895FE1 /* ATC-newTests */;
		};
/* End PBXFileSystemSynchronizedBuildFileExceptionSet section */

/* Begin PBXFileSystemSynchronizedRootGroup section */
		2712B80F2D49CCA900895FE1 /* ATC-newTests */ = {
			isa = PBXFileSystemSynchronizedRootGroup;
			exceptions = (
				2712B83F2D49E85D00895FE1 /* Exceptions for "ATC-newTests" folder in "ATC-new" target */,
				2712B8402D49E85D00895FE1 /* Exceptions for "ATC-newTests" folder in "ATC-newTests" target */,
			);
			path = "ATC-newTests";
			sourceTree = "<group>";
		};
		2712B8192D49CCA900895FE1 /* ATC-newUITests */ = {
			isa = PBXFileSystemSynchronizedRootGroup;
			path = "ATC-newUITests";
			sourceTree = "<group>";
		};
/* End PBXFileSystemSynchronizedRootGroup section */

/* Begin PBXFrameworksBuildPhase section */
		2712B7F92D49CCA300895FE1 /* Frameworks */ = {
			isa = PBXFrameworksBuildPhase;
			buildActionMask = 2147483647;
			files = (
			);
			runOnlyForDeploymentPostprocessing = 0;
		};
		2712B8092D49CCA900895FE1 /* Frameworks */ = {
			isa = PBXFrameworksBuildPhase;
			buildActionMask = 2147483647;
			files = (
			);
			runOnlyForDeploymentPostprocessing = 0;
		};
		2712B8132D49CCA900895FE1 /* Frameworks */ = {
			isa = PBXFrameworksBuildPhase;
			buildActionMask = 2147483647;
			files = (
			);
			runOnlyForDeploymentPostprocessing = 0;
		};
/* End PBXFrameworksBuildPhase section */

/* Begin PBXGroup section */
		2712B7F32D49CCA300895FE1 = {
			isa = PBXGroup;
			children = (
				2712B8622D49E9FA00895FE1 /* Resources */,
				2712B80F2D49CCA900895FE1 /* ATC-newTests */,
				2712B8192D49CCA900895FE1 /* ATC-newUITests */,
				2712B7FD2D49CCA300895FE1 /* Products */,
			);
			sourceTree = "<group>";
		};
		2712B7FD2D49CCA300895FE1 /* Products */ = {
			isa = PBXGroup;
			children = (
				2712B83E2D49E76E00895FE1 /* Resources */,
				2712B7FC2D49CCA300895FE1 /* ATC-new.app */,
				2712B80C2D49CCA900895FE1 /* ATC-newTests.xctest */,
				2712B8162D49CCA900895FE1 /* ATC-newUITests.xctest */,
			);
			name = Products;
			sourceTree = "<group>";
		};
		2712B83E2D49E76E00895FE1 /* Resources */ = {
			isa = PBXGroup;
			children = (
				2712B82C2D49CF4200895FE1 /* Airports.json */,
				2712B82E2D49E02900895FE1 /* ATC_content_v1.json */,
			);
			path = Resources;
			sourceTree = "<group>";
		};
		2712B8622D49E9FA00895FE1 /* Resources */ = {
			isa = PBXGroup;
			children = (
				2712B8602D49E9AD00895FE1 /* ATC_content_v1.json */,
			);
			path = Resources;
			sourceTree = "<group>";
		};
/* End PBXGroup section */

/* Begin PBXNativeTarget section */
		2712B7FB2D49CCA300895FE1 /* ATC-new */ = {
			isa = PBXNativeTarget;
			buildConfigurationList = 2712B8202D49CCA900895FE1 /* Build configuration list for PBXNativeTarget "ATC-new" */;
			buildPhases = (
				2712B7F82D49CCA300895FE1 /* Sources */,
				2712B7F92D49CCA300895FE1 /* Frameworks */,
				2712B7FA2D49CCA300895FE1 /* Resources */,
			);
			buildRules = (
			);
			dependencies = (
			);
			name = "ATC-new";
			packageProductDependencies = (
			);
			productName = "ATC-new";
			productReference = 2712B7FC2D49CCA300895FE1 /* ATC-new.app */;
			productType = "com.apple.product-type.application";
		};
		2712B80B2D49CCA900895FE1 /* ATC-newTests */ = {
			isa = PBXNativeTarget;
			buildConfigurationList = 2712B8232D49CCA900895FE1 /* Build configuration list for PBXNativeTarget "ATC-newTests" */;
			buildPhases = (
				2712B8082D49CCA900895FE1 /* Sources */,
				2712B8092D49CCA900895FE1 /* Frameworks */,
				2712B80A2D49CCA900895FE1 /* Resources */,
			);
			buildRules = (
			);
			dependencies = (
				2712B80E2D49CCA900895FE1 /* PBXTargetDependency */,
			);
			fileSystemSynchronizedGroups = (
				2712B80F2D49CCA900895FE1 /* ATC-newTests */,
			);
			name = "ATC-newTests";
			packageProductDependencies = (
			);
			productName = "ATC-newTests";
			productReference = 2712B80C2D49CCA900895FE1 /* ATC-newTests.xctest */;
			productType = "com.apple.product-type.bundle.unit-test";
		};
		2712B8152D49CCA900895FE1 /* ATC-newUITests */ = {
			isa = PBXNativeTarget;
			buildConfigurationList = 2712B8262D49CCA900895FE1 /* Build configuration list for PBXNativeTarget "ATC-newUITests" */;
			buildPhases = (
				2712B8122D49CCA900895FE1 /* Sources */,
				2712B8132D49CCA900895FE1 /* Frameworks */,
				2712B8142D49CCA900895FE1 /* Resources */,
			);
			buildRules = (
			);
			dependencies = (
				2712B8182D49CCA900895FE1 /* PBXTargetDependency */,
			);
			fileSystemSynchronizedGroups = (
				2712B8192D49CCA900895FE1 /* ATC-newUITests */,
			);
			name = "ATC-newUITests";
			packageProductDependencies = (
			);
			productName = "ATC-newUITests";
			productReference = 2712B8162D49CCA900895FE1 /* ATC-newUITests.xctest */;
			productType = "com.apple.product-type.bundle.ui-testing";
		};
/* End PBXNativeTarget section */

/* Begin PBXProject section */
		2712B7F42D49CCA300895FE1 /* Project object */ = {
			isa = PBXProject;
			attributes = {
				BuildIndependentTargetsInParallel = 1;
				LastSwiftUpdateCheck = 1620;
				LastUpgradeCheck = 1620;
				TargetAttributes = {
					2712B7FB2D49CCA300895FE1 = {
						CreatedOnToolsVersion = 16.2;
					};
					2712B80B2D49CCA900895FE1 = {
						CreatedOnToolsVersion = 16.2;
						TestTargetID = 2712B7FB2D49CCA300895FE1;
					};
					2712B8152D49CCA900895FE1 = {
						CreatedOnToolsVersion = 16.2;
						TestTargetID = 2712B7FB2D49CCA300895FE1;
					};
				};
			};
			buildConfigurationList = 2712B7F72D49CCA300895FE1 /* Build configuration list for PBXProject "ATC-new" */;
			developmentRegion = en;
			hasScannedForEncodings = 0;
			knownRegions = (
				en,
				Base,
			);
			mainGroup = 2712B7F32D49CCA300895FE1;
			minimizedProjectReferenceProxies = 1;
			preferredProjectObjectVersion = 77;
			productRefGroup = 2712B7FD2D49CCA300895FE1 /* Products */;
			projectDirPath = "";
			projectRoot = "";
			targets = (
				2712B7FB2D49CCA300895FE1 /* ATC-new */,
				2712B80B2D49CCA900895FE1 /* ATC-newTests */,
				2712B8152D49CCA900895FE1 /* ATC-newUITests */,
			);
		};
/* End PBXProject section */

/* Begin PBXResourcesBuildPhase section */
		2712B7FA2D49CCA300895FE1 /* Resources */ = {
			isa = PBXResourcesBuildPhase;
			buildActionMask = 2147483647;
			files = (
				2712B82D2D49CF4200895FE1 /* Airports.json in Resources */,
				2712B8612D49E9AD00895FE1 /* ATC_content_v1.json in Resources */,
				2712B82F2D49E02900895FE1 /* ATC_content_v1.json in Resources */,
			);
			runOnlyForDeploymentPostprocessing = 0;
		};
		2712B80A2D49CCA900895FE1 /* Resources */ = {
			isa = PBXResourcesBuildPhase;
			buildActionMask = 2147483647;
			files = (
			);
			runOnlyForDeploymentPostprocessing = 0;
		};
		2712B8142D49CCA900895FE1 /* Resources */ = {
			isa = PBXResourcesBuildPhase;
			buildActionMask = 2147483647;
			files = (
			);
			runOnlyForDeploymentPostprocessing = 0;
		};
/* End PBXResourcesBuildPhase section */

/* Begin PBXSourcesBuildPhase section */
		2712B7F82D49CCA300895FE1 /* Sources */ = {
			isa = PBXSourcesBuildPhase;
			buildActionMask = 2147483647;
			files = (
			);
			runOnlyForDeploymentPostprocessing = 0;
		};
		2712B8082D49CCA900895FE1 /* Sources */ = {
			isa = PBXSourcesBuildPhase;
			buildActionMask = 2147483647;
			files = (
			);
			runOnlyForDeploymentPostprocessing = 0;
		};
		2712B8122D49CCA900895FE1 /* Sources */ = {
			isa = PBXSourcesBuildPhase;
			buildActionMask = 2147483647;
			files = (
			);
			runOnlyForDeploymentPostprocessing = 0;
		};
/* End PBXSourcesBuildPhase section */

/* Begin PBXTargetDependency section */
		2712B80E2D49CCA900895FE1 /* PBXTargetDependency */ = {
			isa = PBXTargetDependency;
			target = 2712B7FB2D49CCA300895FE1 /* ATC-new */;
			targetProxy = 2712B80D2D49CCA900895FE1 /* PBXContainerItemProxy */;
		};
		2712B8182D49CCA900895FE1 /* PBXTargetDependency */ = {
			isa = PBXTargetDependency;
			target = 2712B7FB2D49CCA300895FE1 /* ATC-new */;
			targetProxy = 2712B8172D49CCA900895FE1 /* PBXContainerItemProxy */;
		};
/* End PBXTargetDependency section */

/* Begin XCBuildConfiguration section */
		2712B81E2D49CCA900895FE1 /* Debug */ = {
			isa = XCBuildConfiguration;
			buildSettings = {
				ALWAYS_SEARCH_USER_PATHS = NO;
				ASSETCATALOG_COMPILER_GENERATE_SWIFT_ASSET_SYMBOL_EXTENSIONS = YES;
				CLANG_ANALYZER_NONNULL = YES;
				CLANG_ANALYZER_NUMBER_OBJECT_CONVERSION = YES_AGGRESSIVE;
				CLANG_CXX_LANGUAGE_STANDARD = "gnu++20";
				CLANG_ENABLE_MODULES = YES;
				CLANG_ENABLE_OBJC_ARC = YES;
				CLANG_ENABLE_OBJC_WEAK = YES;
				CLANG_WARN_BLOCK_CAPTURE_AUTORELEASING = YES;
				CLANG_WARN_BOOL_CONVERSION = YES;
				CLANG_WARN_COMMA = YES;
				CLANG_WARN_CONSTANT_CONVERSION = YES;
				CLANG_WARN_DEPRECATED_OBJC_IMPLEMENTATIONS = YES;
				CLANG_WARN_DIRECT_OBJC_ISA_USAGE = YES_ERROR;
				CLANG_WARN_DOCUMENTATION_COMMENTS = YES;
				CLANG_WARN_EMPTY_BODY = YES;
				CLANG_WARN_ENUM_CONVERSION = YES;
				CLANG_WARN_INFINITE_RECURSION = YES;
				CLANG_WARN_INT_CONVERSION = YES;
				CLANG_WARN_NON_LITERAL_NULL_CONVERSION = YES;
				CLANG_WARN_OBJC_IMPLICIT_RETAIN_SELF = YES;
				CLANG_WARN_OBJC_LITERAL_CONVERSION = YES;
				CLANG_WARN_OBJC_ROOT_CLASS = YES_ERROR;
				CLANG_WARN_QUOTED_INCLUDE_IN_FRAMEWORK_HEADER = YES;
				CLANG_WARN_RANGE_LOOP_ANALYSIS = YES;
				CLANG_WARN_STRICT_PROTOTYPES = YES;
				CLANG_WARN_SUSPICIOUS_MOVE = YES;
				CLANG_WARN_UNGUARDED_AVAILABILITY = YES_AGGRESSIVE;
				CLANG_WARN_UNREACHABLE_CODE = YES;
				CLANG_WARN__DUPLICATE_METHOD_MATCH = YES;
				COPY_PHASE_STRIP = NO;
				DEBUG_INFORMATION_FORMAT = dwarf;
				ENABLE_STRICT_OBJC_MSGSEND = YES;
				ENABLE_TESTABILITY = YES;
				ENABLE_USER_SCRIPT_SANDBOXING = YES;
				GCC_C_LANGUAGE_STANDARD = gnu17;
				GCC_DYNAMIC_NO_PIC = NO;
				GCC_NO_COMMON_BLOCKS = YES;
				GCC_OPTIMIZATION_LEVEL = 0;
				GCC_PREPROCESSOR_DEFINITIONS = (
					"DEBUG=1",
					"$(inherited)",
				);
				GCC_WARN_64_TO_32_BIT_CONVERSION = YES;
				GCC_WARN_ABOUT_RETURN_TYPE = YES_ERROR;
				GCC_WARN_UNDECLARED_SELECTOR = YES;
				GCC_WARN_UNINITIALIZED_AUTOS = YES_AGGRESSIVE;
				GCC_WARN_UNUSED_FUNCTION = YES;
				GCC_WARN_UNUSED_VARIABLE = YES;
				IPHONEOS_DEPLOYMENT_TARGET = 18.2;
				LOCALIZATION_PREFERS_STRING_CATALOGS = YES;
				MTL_ENABLE_DEBUG_INFO = INCLUDE_SOURCE;
				MTL_FAST_MATH = YES;
				ONLY_ACTIVE_ARCH = YES;
				SDKROOT = iphoneos;
				SWIFT_ACTIVE_COMPILATION_CONDITIONS = "DEBUG $(inherited)";
				SWIFT_OPTIMIZATION_LEVEL = "-Onone";
			};
			name = Debug;
		};
		2712B81F2D49CCA900895FE1 /* Release */ = {
			isa = XCBuildConfiguration;
			buildSettings = {
				ALWAYS_SEARCH_USER_PATHS = NO;
				ASSETCATALOG_COMPILER_GENERATE_SWIFT_ASSET_SYMBOL_EXTENSIONS = YES;
				CLANG_ANALYZER_NONNULL = YES;
				CLANG_ANALYZER_NUMBER_OBJECT_CONVERSION = YES_AGGRESSIVE;
				CLANG_CXX_LANGUAGE_STANDARD = "gnu++20";
				CLANG_ENABLE_MODULES = YES;
				CLANG_ENABLE_OBJC_ARC = YES;
				CLANG_ENABLE_OBJC_WEAK = YES;
				CLANG_WARN_BLOCK_CAPTURE_AUTORELEASING = YES;
				CLANG_WARN_BOOL_CONVERSION = YES;
				CLANG_WARN_COMMA = YES;
				CLANG_WARN_CONSTANT_CONVERSION = YES;
				CLANG_WARN_DEPRECATED_OBJC_IMPLEMENTATIONS = YES;
				CLANG_WARN_DIRECT_OBJC_ISA_USAGE = YES_ERROR;
				CLANG_WARN_DOCUMENTATION_COMMENTS = YES;
				CLANG_WARN_EMPTY_BODY = YES;
				CLANG_WARN_ENUM_CONVERSION = YES;
				CLANG_WARN_INFINITE_RECURSION = YES;
				CLANG_WARN_INT_CONVERSION = YES;
				CLANG_WARN_NON_LITERAL_NULL_CONVERSION = YES;
				CLANG_WARN_OBJC_IMPLICIT_RETAIN_SELF = YES;
				CLANG_WARN_OBJC_LITERAL_CONVERSION = YES;
				CLANG_WARN_OBJC_ROOT_CLASS = YES_ERROR;
				CLANG_WARN_QUOTED_INCLUDE_IN_FRAMEWORK_HEADER = YES;
				CLANG_WARN_RANGE_LOOP_ANALYSIS = YES;
				CLANG_WARN_STRICT_PROTOTYPES = YES;
				CLANG_WARN_SUSPICIOUS_MOVE = YES;
				CLANG_WARN_UNGUARDED_AVAILABILITY = YES_AGGRESSIVE;
				CLANG_WARN_UNREACHABLE_CODE = YES;
				CLANG_WARN__DUPLICATE_METHOD_MATCH = YES;
				COPY_PHASE_STRIP = NO;
				DEBUG_INFORMATION_FORMAT = "dwarf-with-dsym";
				ENABLE_NS_ASSERTIONS = NO;
				ENABLE_STRICT_OBJC_MSGSEND = YES;
				ENABLE_USER_SCRIPT_SANDBOXING = YES;
				GCC_C_LANGUAGE_STANDARD = gnu17;
				GCC_NO_COMMON_BLOCKS = YES;
				GCC_WARN_64_TO_32_BIT_CONVERSION = YES;
				GCC_WARN_ABOUT_RETURN_TYPE = YES_ERROR;
				GCC_WARN_UNDECLARED_SELECTOR = YES;
				GCC_WARN_UNINITIALIZED_AUTOS = YES_AGGRESSIVE;
				GCC_WARN_UNUSED_FUNCTION = YES;
				GCC_WARN_UNUSED_VARIABLE = YES;
				IPHONEOS_DEPLOYMENT_TARGET = 18.2;
				LOCALIZATION_PREFERS_STRING_CATALOGS = YES;
				MTL_ENABLE_DEBUG_INFO = NO;
				MTL_FAST_MATH = YES;
				SDKROOT = iphoneos;
				SWIFT_COMPILATION_MODE = wholemodule;
				VALIDATE_PRODUCT = YES;
			};
			name = Release;
		};
		2712B8212D49CCA900895FE1 /* Debug */ = {
			isa = XCBuildConfiguration;
			buildSettings = {
				ASSETCATALOG_COMPILER_APPICON_NAME = AppIcon;
				ASSETCATALOG_COMPILER_GLOBAL_ACCENT_COLOR_NAME = AccentColor;
				CODE_SIGN_STYLE = Automatic;
				CURRENT_PROJECT_VERSION = 1;
				DEVELOPMENT_ASSET_PATHS = "\"ATC-new/Preview Content\"";
				DEVELOPMENT_TEAM = ZPLC3J6QGH;
				ENABLE_PREVIEWS = YES;
				GENERATE_INFOPLIST_FILE = YES;
				INFOPLIST_KEY_UIApplicationSceneManifest_Generation = YES;
				INFOPLIST_KEY_UIApplicationSupportsIndirectInputEvents = YES;
				INFOPLIST_KEY_UILaunchScreen_Generation = YES;
				INFOPLIST_KEY_UISupportedInterfaceOrientations_iPad = "UIInterfaceOrientationPortrait UIInterfaceOrientationPortraitUpsideDown UIInterfaceOrientationLandscapeLeft UIInterfaceOrientationLandscapeRight";
				INFOPLIST_KEY_UISupportedInterfaceOrientations_iPhone = "UIInterfaceOrientationPortrait UIInterfaceOrientationLandscapeLeft UIInterfaceOrientationLandscapeRight";
				LD_RUNPATH_SEARCH_PATHS = (
					"$(inherited)",
					"@executable_path/Frameworks",
				);
				MARKETING_VERSION = 1.0;
				PRODUCT_BUNDLE_IDENTIFIER = "taiga.ATC-new";
				PRODUCT_NAME = "$(TARGET_NAME)";
				SWIFT_EMIT_LOC_STRINGS = YES;
				SWIFT_VERSION = 5.0;
				TARGETED_DEVICE_FAMILY = "1,2";
			};
			name = Debug;
		};
		2712B8222D49CCA900895FE1 /* Release */ = {
			isa = XCBuildConfiguration;
			buildSettings = {
				ASSETCATALOG_COMPILER_APPICON_NAME = AppIcon;
				ASSETCATALOG_COMPILER_GLOBAL_ACCENT_COLOR_NAME = AccentColor;
				CODE_SIGN_STYLE = Automatic;
				CURRENT_PROJECT_VERSION = 1;
				DEVELOPMENT_ASSET_PATHS = "\"ATC-new/Preview Content\"";
				DEVELOPMENT_TEAM = ZPLC3J6QGH;
				ENABLE_PREVIEWS = YES;
				GENERATE_INFOPLIST_FILE = YES;
				INFOPLIST_KEY_UIApplicationSceneManifest_Generation = YES;
				INFOPLIST_KEY_UIApplicationSupportsIndirectInputEvents = YES;
				INFOPLIST_KEY_UILaunchScreen_Generation = YES;
				INFOPLIST_KEY_UISupportedInterfaceOrientations_iPad = "UIInterfaceOrientationPortrait UIInterfaceOrientationPortraitUpsideDown UIInterfaceOrientationLandscapeLeft UIInterfaceOrientationLandscapeRight";
				INFOPLIST_KEY_UISupportedInterfaceOrientations_iPhone = "UIInterfaceOrientationPortrait UIInterfaceOrientationLandscapeLeft UIInterfaceOrientationLandscapeRight";
				LD_RUNPATH_SEARCH_PATHS = (
					"$(inherited)",
					"@executable_path/Frameworks",
				);
				MARKETING_VERSION = 1.0;
				PRODUCT_BUNDLE_IDENTIFIER = "taiga.ATC-new";
				PRODUCT_NAME = "$(TARGET_NAME)";
				SWIFT_EMIT_LOC_STRINGS = YES;
				SWIFT_VERSION = 5.0;
				TARGETED_DEVICE_FAMILY = "1,2";
			};
			name = Release;
		};
		2712B8242D49CCA900895FE1 /* Debug */ = {
			isa = XCBuildConfiguration;
			buildSettings = {
				BUNDLE_LOADER = "$(TEST_HOST)";
				CODE_SIGN_STYLE = Automatic;
				CURRENT_PROJECT_VERSION = 1;
				DEVELOPMENT_TEAM = ZPLC3J6QGH;
				GENERATE_INFOPLIST_FILE = YES;
				IPHONEOS_DEPLOYMENT_TARGET = 18.2;
				MARKETING_VERSION = 1.0;
				PRODUCT_BUNDLE_IDENTIFIER = "taiga.ATC-newTests";
				PRODUCT_NAME = "$(TARGET_NAME)";
				SWIFT_EMIT_LOC_STRINGS = NO;
				SWIFT_VERSION = 5.0;
				TARGETED_DEVICE_FAMILY = "1,2";
				TEST_HOST = "$(BUILT_PRODUCTS_DIR)/ATC-new.app/$(BUNDLE_EXECUTABLE_FOLDER_PATH)/ATC-new";
			};
			name = Debug;
		};
		2712B8252D49CCA900895FE1 /* Release */ = {
			isa = XCBuildConfiguration;
			buildSettings = {
				BUNDLE_LOADER = "$(TEST_HOST)";
				CODE_SIGN_STYLE = Automatic;
				CURRENT_PROJECT_VERSION = 1;
				DEVELOPMENT_TEAM = ZPLC3J6QGH;
				GENERATE_INFOPLIST_FILE = YES;
				IPHONEOS_DEPLOYMENT_TARGET = 18.2;
				MARKETING_VERSION = 1.0;
				PRODUCT_BUNDLE_IDENTIFIER = "taiga.ATC-newTests";
				PRODUCT_NAME = "$(TARGET_NAME)";
				SWIFT_EMIT_LOC_STRINGS = NO;
				SWIFT_VERSION = 5.0;
				TARGETED_DEVICE_FAMILY = "1,2";
				TEST_HOST = "$(BUILT_PRODUCTS_DIR)/ATC-new.app/$(BUNDLE_EXECUTABLE_FOLDER_PATH)/ATC-new";
			};
			name = Release;
		};
		2712B8272D49CCA900895FE1 /* Debug */ = {
			isa = XCBuildConfiguration;
			buildSettings = {
				CODE_SIGN_STYLE = Automatic;
				CURRENT_PROJECT_VERSION = 1;
				DEVELOPMENT_TEAM = ZPLC3J6QGH;
				GENERATE_INFOPLIST_FILE = YES;
				MARKETING_VERSION = 1.0;
				PRODUCT_BUNDLE_IDENTIFIER = "taiga.ATC-newUITests";
				PRODUCT_NAME = "$(TARGET_NAME)";
				SWIFT_EMIT_LOC_STRINGS = NO;
				SWIFT_VERSION = 5.0;
				TARGETED_DEVICE_FAMILY = "1,2";
				TEST_TARGET_NAME = "ATC-new";
			};
			name = Debug;
		};
		2712B8282D49CCA900895FE1 /* Release */ = {
			isa = XCBuildConfiguration;
			buildSettings = {
				CODE_SIGN_STYLE = Automatic;
				CURRENT_PROJECT_VERSION = 1;
				DEVELOPMENT_TEAM = ZPLC3J6QGH;
				GENERATE_INFOPLIST_FILE = YES;
				MARKETING_VERSION = 1.0;
				PRODUCT_BUNDLE_IDENTIFIER = "taiga.ATC-newUITests";
				PRODUCT_NAME = "$(TARGET_NAME)";
				SWIFT_EMIT_LOC_STRINGS = NO;
				SWIFT_VERSION = 5.0;
				TARGETED_DEVICE_FAMILY = "1,2";
				TEST_TARGET_NAME = "ATC-new";
			};
			name = Release;
		};
/* End XCBuildConfiguration section */

/* Begin XCConfigurationList section */
		2712B7F72D49CCA300895FE1 /* Build configuration list for PBXProject "ATC-new" */ = {
			isa = XCConfigurationList;
			buildConfigurations = (
				2712B81E2D49CCA900895FE1 /* Debug */,
				2712B81F2D49CCA900895FE1 /* Release */,
			);
			defaultConfigurationIsVisible = 0;
			defaultConfigurationName = Release;
		};
		2712B8202D49CCA900895FE1 /* Build configuration list for PBXNativeTarget "ATC-new" */ = {
			isa = XCConfigurationList;
			buildConfigurations = (
				2712B8212D49CCA900895FE1 /* Debug */,
				2712B8222D49CCA900895FE1 /* Release */,
			);
			defaultConfigurationIsVisible = 0;
			defaultConfigurationName = Release;
		};
		2712B8232D49CCA900895FE1 /* Build configuration list for PBXNativeTarget "ATC-newTests" */ = {
			isa = XCConfigurationList;
			buildConfigurations = (
				2712B8242D49CCA900895FE1 /* Debug */,
				2712B8252D49CCA900895FE1 /* Release */,
			);
			defaultConfigurationIsVisible = 0;
			defaultConfigurationName = Release;
		};
		2712B8262D49CCA900895FE1 /* Build configuration list for PBXNativeTarget "ATC-newUITests" */ = {
			isa = XCConfigurationList;
			buildConfigurations = (
				2712B8272D49CCA900895FE1 /* Debug */,
				2712B8282D49CCA900895FE1 /* Release */,
			);
			defaultConfigurationIsVisible = 0;
			defaultConfigurationName = Release;
		};
/* End XCConfigurationList section */
	};
	rootObject = 2712B7F42D49CCA300895FE1 /* Project object */;
}
